
Microsoft Visual Studio Solution File, Format Version 12.00
# Visual Studio Version 17
VisualStudioVersion = 17.7.34024.191
MinimumVisualStudioVersion = 10.0.40219.1
Project("{2150E333-8FDC-42A3-9474-1A3956D46DE8}") = "Services", "Services", "{A4DB8937-E1C4-4728-84F5-0C232D5F846B}"
EndProject
Project("{2150E333-8FDC-42A3-9474-1A3956D46DE8}") = "Catalog", "Catalog", "{6CCCCA54-839C-4324-AADD-F0047D30B06F}"
EndProject
Project("{9A19103F-16F7-4668-BE54-9A1E7A4F7556}") = "Catalog.API", "Catalog\Catalog.API\Catalog.API.csproj", "{AC40399A-31AC-4441-8DF6-A41D42DB93FC}"
EndProject
Project("{9A19103F-16F7-4668-BE54-9A1E7A4F7556}") = "Catalog.Core", "Catalog\Catalog.Core\Catalog.Core.csproj", "{06865301-5722-4C50-ACA5-89898655A723}"
EndProject
Project("{9A19103F-16F7-4668-BE54-9A1E7A4F7556}") = "Catalog.Application", "Catalog\Catalog.Application\Catalog.Application.csproj", "{583BB84B-F14E-4D21-AFAC-EE4FFFAE2484}"
EndProject
Project("{9A19103F-16F7-4668-BE54-9A1E7A4F7556}") = "Catalog.Infrastructure", "Catalog\Catalog.Infrastructure\Catalog.Infrastructure.csproj", "{57FBAA95-7BB4-43D3-9B02-D14BDB2213D9}"
EndProject
Project("{9A19103F-16F7-4668-BE54-9A1E7A4F7556}") = "Catalog.Test", "Catalog\Catalog.Test\Catalog.Test.csproj", "{9B475365-E3BC-4866-AB18-CA033ED7D009}"
EndProject
Project("{E53339B2-1760-4266-BCC7-CA923CBCF16C}") = "docker-compose", "docker-compose.dcproj", "{6B65D6F5-D701-498E-B96E-8E697067267D}"
EndProject
Project("{2150E333-8FDC-42A3-9474-1A3956D46DE8}") = "Basket", "Basket", "{0E585956-5E80-46D3-95E3-3A8B809B8AC2}"
EndProject
Project("{9A19103F-16F7-4668-BE54-9A1E7A4F7556}") = "Basket.Application", "Basket\Basket.Application\Basket.Application.csproj", "{AB73BD97-B840-481E-959E-D74EDEDF09F5}"
EndProject
Project("{9A19103F-16F7-4668-BE54-9A1E7A4F7556}") = "Basket.Core", "Basket\Basket.Core\Basket.Core.csproj", "{3CF4B8A3-EB6D-4BDE-B3C6-8CD9C23A7318}"
EndProject
Project("{9A19103F-16F7-4668-BE54-9A1E7A4F7556}") = "Basket.Infrastructure", "Basket\Basket.Infrastructure\Basket.Infrastructure.csproj", "{73BEDDBF-DBED-478A-AE0C-896F85C6BD6E}"
EndProject
Project("{9A19103F-16F7-4668-BE54-9A1E7A4F7556}") = "Basket.API", "Basket\Basket.API\Basket.API.csproj", "{8D2BA0B0-F1B4-4691-BADC-178A26C9F633}"
EndProject
Project("{9A19103F-16F7-4668-BE54-9A1E7A4F7556}") = "Basket.Test", "Basket\Basket.Test\Basket.Test.csproj", "{DBA2B7E0-D3E4-4711-B627-C6C3CB229AE7}"
EndProject
Project("{2150E333-8FDC-42A3-9474-1A3956D46DE8}") = "Discount", "Discount", "{F371CA96-F34A-4837-B089-18E949AE3152}"
EndProject
Project("{FAE04EC0-301F-11D3-BF4B-00C04F79EFBC}") = "Discount.API", "Discount\Discount.API\Discount.API.csproj", "{4354D7CC-D41D-4816-952B-43C44FC6F39D}"
EndProject
Project("{FAE04EC0-301F-11D3-BF4B-00C04F79EFBC}") = "Discount.Application", "Discount\Discount.Application\Discount.Application.csproj", "{82692B7F-13DD-4C18-B1E8-1AA129469D49}"
EndProject
Project("{FAE04EC0-301F-11D3-BF4B-00C04F79EFBC}") = "Discount.Core", "Discount\Discount.Core\Discount.Core.csproj", "{2820E21B-7998-4ABA-B19E-E213AB07FD51}"
EndProject
Project("{FAE04EC0-301F-11D3-BF4B-00C04F79EFBC}") = "Discount.Infrastructure", "Discount\Discount.Infrastructure\Discount.Infrastructure.csproj", "{94C17E41-0DC7-4804-94C1-B7FF5CDC8E50}"
EndProject
Project("{FAE04EC0-301F-11D3-BF4B-00C04F79EFBC}") = "Discount.Test", "Discount\Discount.Test\Discount.Test.csproj", "{E6AD3CCF-3E11-4629-96C3-359BAB8F12F3}"
EndProject
Global
	GlobalSection(SolutionConfigurationPlatforms) = preSolution
		Debug|Any CPU = Debug|Any CPU
		Release|Any CPU = Release|Any CPU
	EndGlobalSection
	GlobalSection(ProjectConfigurationPlatforms) = postSolution
		{AC40399A-31AC-4441-8DF6-A41D42DB93FC}.Debug|Any CPU.ActiveCfg = Debug|Any CPU
		{AC40399A-31AC-4441-8DF6-A41D42DB93FC}.Debug|Any CPU.Build.0 = Debug|Any CPU
		{AC40399A-31AC-4441-8DF6-A41D42DB93FC}.Release|Any CPU.ActiveCfg = Release|Any CPU
		{AC40399A-31AC-4441-8DF6-A41D42DB93FC}.Release|Any CPU.Build.0 = Release|Any CPU
		{06865301-5722-4C50-ACA5-89898655A723}.Debug|Any CPU.ActiveCfg = Debug|Any CPU
		{06865301-5722-4C50-ACA5-89898655A723}.Debug|Any CPU.Build.0 = Debug|Any CPU
		{06865301-5722-4C50-ACA5-89898655A723}.Release|Any CPU.ActiveCfg = Release|Any CPU
		{06865301-5722-4C50-ACA5-89898655A723}.Release|Any CPU.Build.0 = Release|Any CPU
		{583BB84B-F14E-4D21-AFAC-EE4FFFAE2484}.Debug|Any CPU.ActiveCfg = Debug|Any CPU
		{583BB84B-F14E-4D21-AFAC-EE4FFFAE2484}.Debug|Any CPU.Build.0 = Debug|Any CPU
		{583BB84B-F14E-4D21-AFAC-EE4FFFAE2484}.Release|Any CPU.ActiveCfg = Release|Any CPU
		{583BB84B-F14E-4D21-AFAC-EE4FFFAE2484}.Release|Any CPU.Build.0 = Release|Any CPU
		{57FBAA95-7BB4-43D3-9B02-D14BDB2213D9}.Debug|Any CPU.ActiveCfg = Debug|Any CPU
		{57FBAA95-7BB4-43D3-9B02-D14BDB2213D9}.Debug|Any CPU.Build.0 = Debug|Any CPU
		{57FBAA95-7BB4-43D3-9B02-D14BDB2213D9}.Release|Any CPU.ActiveCfg = Release|Any CPU
		{57FBAA95-7BB4-43D3-9B02-D14BDB2213D9}.Release|Any CPU.Build.0 = Release|Any CPU
		{9B475365-E3BC-4866-AB18-CA033ED7D009}.Debug|Any CPU.ActiveCfg = Debug|Any CPU
		{9B475365-E3BC-4866-AB18-CA033ED7D009}.Debug|Any CPU.Build.0 = Debug|Any CPU
		{9B475365-E3BC-4866-AB18-CA033ED7D009}.Release|Any CPU.ActiveCfg = Release|Any CPU
		{9B475365-E3BC-4866-AB18-CA033ED7D009}.Release|Any CPU.Build.0 = Release|Any CPU
		{6B65D6F5-D701-498E-B96E-8E697067267D}.Debug|Any CPU.ActiveCfg = Debug|Any CPU
		{6B65D6F5-D701-498E-B96E-8E697067267D}.Debug|Any CPU.Build.0 = Debug|Any CPU
		{6B65D6F5-D701-498E-B96E-8E697067267D}.Release|Any CPU.ActiveCfg = Release|Any CPU
		{6B65D6F5-D701-498E-B96E-8E697067267D}.Release|Any CPU.Build.0 = Release|Any CPU
		{AB73BD97-B840-481E-959E-D74EDEDF09F5}.Debug|Any CPU.ActiveCfg = Debug|Any CPU
		{AB73BD97-B840-481E-959E-D74EDEDF09F5}.Debug|Any CPU.Build.0 = Debug|Any CPU
		{AB73BD97-B840-481E-959E-D74EDEDF09F5}.Release|Any CPU.ActiveCfg = Release|Any CPU
		{AB73BD97-B840-481E-959E-D74EDEDF09F5}.Release|Any CPU.Build.0 = Release|Any CPU
		{3CF4B8A3-EB6D-4BDE-B3C6-8CD9C23A7318}.Debug|Any CPU.ActiveCfg = Debug|Any CPU
		{3CF4B8A3-EB6D-4BDE-B3C6-8CD9C23A7318}.Debug|Any CPU.Build.0 = Debug|Any CPU
		{3CF4B8A3-EB6D-4BDE-B3C6-8CD9C23A7318}.Release|Any CPU.ActiveCfg = Release|Any CPU
		{3CF4B8A3-EB6D-4BDE-B3C6-8CD9C23A7318}.Release|Any CPU.Build.0 = Release|Any CPU
		{73BEDDBF-DBED-478A-AE0C-896F85C6BD6E}.Debug|Any CPU.ActiveCfg = Debug|Any CPU
		{73BEDDBF-DBED-478A-AE0C-896F85C6BD6E}.Debug|Any CPU.Build.0 = Debug|Any CPU
		{73BEDDBF-DBED-478A-AE0C-896F85C6BD6E}.Release|Any CPU.ActiveCfg = Release|Any CPU
		{73BEDDBF-DBED-478A-AE0C-896F85C6BD6E}.Release|Any CPU.Build.0 = Release|Any CPU
		{8D2BA0B0-F1B4-4691-BADC-178A26C9F633}.Debug|Any CPU.ActiveCfg = Debug|Any CPU
		{8D2BA0B0-F1B4-4691-BADC-178A26C9F633}.Debug|Any CPU.Build.0 = Debug|Any CPU
		{8D2BA0B0-F1B4-4691-BADC-178A26C9F633}.Release|Any CPU.ActiveCfg = Release|Any CPU
		{8D2BA0B0-F1B4-4691-BADC-178A26C9F633}.Release|Any CPU.Build.0 = Release|Any CPU
		{DBA2B7E0-D3E4-4711-B627-C6C3CB229AE7}.Debug|Any CPU.ActiveCfg = Debug|Any CPU
		{DBA2B7E0-D3E4-4711-B627-C6C3CB229AE7}.Debug|Any CPU.Build.0 = Debug|Any CPU
		{DBA2B7E0-D3E4-4711-B627-C6C3CB229AE7}.Release|Any CPU.ActiveCfg = Release|Any CPU
		{DBA2B7E0-D3E4-4711-B627-C6C3CB229AE7}.Release|Any CPU.Build.0 = Release|Any CPU
		{4354D7CC-D41D-4816-952B-43C44FC6F39D}.Debug|Any CPU.ActiveCfg = Debug|Any CPU
		{4354D7CC-D41D-4816-952B-43C44FC6F39D}.Debug|Any CPU.Build.0 = Debug|Any CPU
		{4354D7CC-D41D-4816-952B-43C44FC6F39D}.Release|Any CPU.ActiveCfg = Release|Any CPU
		{4354D7CC-D41D-4816-952B-43C44FC6F39D}.Release|Any CPU.Build.0 = Release|Any CPU
		{82692B7F-13DD-4C18-B1E8-1AA129469D49}.Debug|Any CPU.ActiveCfg = Debug|Any CPU
		{82692B7F-13DD-4C18-B1E8-1AA129469D49}.Debug|Any CPU.Build.0 = Debug|Any CPU
		{82692B7F-13DD-4C18-B1E8-1AA129469D49}.Release|Any CPU.ActiveCfg = Release|Any CPU
		{82692B7F-13DD-4C18-B1E8-1AA129469D49}.Release|Any CPU.Build.0 = Release|Any CPU
		{2820E21B-7998-4ABA-B19E-E213AB07FD51}.Debug|Any CPU.ActiveCfg = Debug|Any CPU
		{2820E21B-7998-4ABA-B19E-E213AB07FD51}.Debug|Any CPU.Build.0 = Debug|Any CPU
		{2820E21B-7998-4ABA-B19E-E213AB07FD51}.Release|Any CPU.ActiveCfg = Release|Any CPU
		{2820E21B-7998-4ABA-B19E-E213AB07FD51}.Release|Any CPU.Build.0 = Release|Any CPU
		{94C17E41-0DC7-4804-94C1-B7FF5CDC8E50}.Debug|Any CPU.ActiveCfg = Debug|Any CPU
		{94C17E41-0DC7-4804-94C1-B7FF5CDC8E50}.Debug|Any CPU.Build.0 = Debug|Any CPU
		{94C17E41-0DC7-4804-94C1-B7FF5CDC8E50}.Release|Any CPU.ActiveCfg = Release|Any CPU
		{94C17E41-0DC7-4804-94C1-B7FF5CDC8E50}.Release|Any CPU.Build.0 = Release|Any CPU
		{E6AD3CCF-3E11-4629-96C3-359BAB8F12F3}.Debug|Any CPU.ActiveCfg = Debug|Any CPU
		{E6AD3CCF-3E11-4629-96C3-359BAB8F12F3}.Debug|Any CPU.Build.0 = Debug|Any CPU
		{E6AD3CCF-3E11-4629-96C3-359BAB8F12F3}.Release|Any CPU.ActiveCfg = Release|Any CPU
		{E6AD3CCF-3E11-4629-96C3-359BAB8F12F3}.Release|Any CPU.Build.0 = Release|Any CPU
	EndGlobalSection
	GlobalSection(SolutionProperties) = preSolution
		HideSolutionNode = FALSE
	EndGlobalSection
	GlobalSection(NestedProjects) = preSolution
		{6CCCCA54-839C-4324-AADD-F0047D30B06F} = {A4DB8937-E1C4-4728-84F5-0C232D5F846B}
		{AC40399A-31AC-4441-8DF6-A41D42DB93FC} = {6CCCCA54-839C-4324-AADD-F0047D30B06F}
		{06865301-5722-4C50-ACA5-89898655A723} = {6CCCCA54-839C-4324-AADD-F0047D30B06F}
		{583BB84B-F14E-4D21-AFAC-EE4FFFAE2484} = {6CCCCA54-839C-4324-AADD-F0047D30B06F}
		{57FBAA95-7BB4-43D3-9B02-D14BDB2213D9} = {6CCCCA54-839C-4324-AADD-F0047D30B06F}
		{9B475365-E3BC-4866-AB18-CA033ED7D009} = {6CCCCA54-839C-4324-AADD-F0047D30B06F}
		{0E585956-5E80-46D3-95E3-3A8B809B8AC2} = {A4DB8937-E1C4-4728-84F5-0C232D5F846B}
		{AB73BD97-B840-481E-959E-D74EDEDF09F5} = {0E585956-5E80-46D3-95E3-3A8B809B8AC2}
		{3CF4B8A3-EB6D-4BDE-B3C6-8CD9C23A7318} = {0E585956-5E80-46D3-95E3-3A8B809B8AC2}
		{73BEDDBF-DBED-478A-AE0C-896F85C6BD6E} = {0E585956-5E80-46D3-95E3-3A8B809B8AC2}
		{8D2BA0B0-F1B4-4691-BADC-178A26C9F633} = {0E585956-5E80-46D3-95E3-3A8B809B8AC2}
		{DBA2B7E0-D3E4-4711-B627-C6C3CB229AE7} = {0E585956-5E80-46D3-95E3-3A8B809B8AC2}
		{F371CA96-F34A-4837-B089-18E949AE3152} = {A4DB8937-E1C4-4728-84F5-0C232D5F846B}
		{4354D7CC-D41D-4816-952B-43C44FC6F39D} = {F371CA96-F34A-4837-B089-18E949AE3152}
		{82692B7F-13DD-4C18-B1E8-1AA129469D49} = {F371CA96-F34A-4837-B089-18E949AE3152}
		{2820E21B-7998-4ABA-B19E-E213AB07FD51} = {F371CA96-F34A-4837-B089-18E949AE3152}
		{94C17E41-0DC7-4804-94C1-B7FF5CDC8E50} = {F371CA96-F34A-4837-B089-18E949AE3152}
		{E6AD3CCF-3E11-4629-96C3-359BAB8F12F3} = {F371CA96-F34A-4837-B089-18E949AE3152}
	EndGlobalSection
	GlobalSection(ExtensibilityGlobals) = postSolution
		SolutionGuid = {ED054B66-4D52-4695-B760-6F0F12EE71FE}
	EndGlobalSection
EndGlobal
